// !$*UTF8*$!
{
	archiveVersion = 1;
	classes = {
	};
	objectVersion = 46;
	objects = {

/* Begin PBXBuildFile section */
		69410E9A1E8281E100F93260 /* AppDelegate.swift in Sources */ = {isa = PBXBuildFile; fileRef = 69410E991E8281E100F93260 /* AppDelegate.swift */; };
		69410E9C1E8281E100F93260 /* HomeController.swift in Sources */ = {isa = PBXBuildFile; fileRef = 69410E9B1E8281E100F93260 /* HomeController.swift */; };
		69410E9F1E8281E100F93260 /* Main.storyboard in Resources */ = {isa = PBXBuildFile; fileRef = 69410E9D1E8281E100F93260 /* Main.storyboard */; };
		69410EA11E8281E100F93260 /* Assets.xcassets in Resources */ = {isa = PBXBuildFile; fileRef = 69410EA01E8281E100F93260 /* Assets.xcassets */; };
		69410EA41E8281E100F93260 /* LaunchScreen.storyboard in Resources */ = {isa = PBXBuildFile; fileRef = 69410EA21E8281E100F93260 /* LaunchScreen.storyboard */; };
		69410EAF1E8281E100F93260 /* YoutubeTests.swift in Sources */ = {isa = PBXBuildFile; fileRef = 69410EAE1E8281E100F93260 /* YoutubeTests.swift */; };
		69410EBA1E8281E100F93260 /* YoutubeUITests.swift in Sources */ = {isa = PBXBuildFile; fileRef = 69410EB91E8281E100F93260 /* YoutubeUITests.swift */; };
		69CBE7B41E84E4B7004CFE47 /* MenuBar.swift in Sources */ = {isa = PBXBuildFile; fileRef = 69CBE7B31E84E4B7004CFE47 /* MenuBar.swift */; };
		69D88A121E83A3CC0004951F /* Extension.swift in Sources */ = {isa = PBXBuildFile; fileRef = 69D88A111E83A3CC0004951F /* Extension.swift */; };
		69D88A151E83A3F60004951F /* VideoCell.swift in Sources */ = {isa = PBXBuildFile; fileRef = 69D88A141E83A3F60004951F /* VideoCell.swift */; };
/* End PBXBuildFile section */

/* Begin PBXContainerItemProxy section */
		69410EAB1E8281E100F93260 /* PBXContainerItemProxy */ = {
			isa = PBXContainerItemProxy;
			containerPortal = 69410E8E1E8281E100F93260 /* Project object */;
			proxyType = 1;
			remoteGlobalIDString = 69410E951E8281E100F93260;
			remoteInfo = Youtube;
		};
		69410EB61E8281E100F93260 /* PBXContainerItemProxy */ = {
			isa = PBXContainerItemProxy;
			containerPortal = 69410E8E1E8281E100F93260 /* Project object */;
			proxyType = 1;
			remoteGlobalIDString = 69410E951E8281E100F93260;
			remoteInfo = Youtube;
		};
/* End PBXContainerItemProxy section */

/* Begin PBXFileReference section */
		69410E961E8281E100F93260 /* Youtube.app */ = {isa = PBXFileReference; explicitFileType = wrapper.application; includeInIndex = 0; path = Youtube.app; sourceTree = BUILT_PRODUCTS_DIR; };
		69410E991E8281E100F93260 /* AppDelegate.swift */ = {isa = PBXFileReference; lastKnownFileType = sourcecode.swift; path = AppDelegate.swift; sourceTree = "<group>"; };
		69410E9B1E8281E100F93260 /* HomeController.swift */ = {isa = PBXFileReference; lastKnownFileType = sourcecode.swift; path = HomeController.swift; sourceTree = "<group>"; };
		69410E9E1E8281E100F93260 /* Base */ = {isa = PBXFileReference; lastKnownFileType = file.storyboard; name = Base; path = Base.lproj/Main.storyboard; sourceTree = "<group>"; };
		69410EA01E8281E100F93260 /* Assets.xcassets */ = {isa = PBXFileReference; lastKnownFileType = folder.assetcatalog; path = Assets.xcassets; sourceTree = "<group>"; };
		69410EA31E8281E100F93260 /* Base */ = {isa = PBXFileReference; lastKnownFileType = file.storyboard; name = Base; path = Base.lproj/LaunchScreen.storyboard; sourceTree = "<group>"; };
		69410EA51E8281E100F93260 /* Info.plist */ = {isa = PBXFileReference; lastKnownFileType = text.plist.xml; path = Info.plist; sourceTree = "<group>"; };
		69410EAA1E8281E100F93260 /* YoutubeTests.xctest */ = {isa = PBXFileReference; explicitFileType = wrapper.cfbundle; includeInIndex = 0; path = YoutubeTests.xctest; sourceTree = BUILT_PRODUCTS_DIR; };
		69410EAE1E8281E100F93260 /* YoutubeTests.swift */ = {isa = PBXFileReference; lastKnownFileType = sourcecode.swift; path = YoutubeTests.swift; sourceTree = "<group>"; };
		69410EB01E8281E100F93260 /* Info.plist */ = {isa = PBXFileReference; lastKnownFileType = text.plist.xml; path = Info.plist; sourceTree = "<group>"; };
		69410EB51E8281E100F93260 /* YoutubeUITests.xctest */ = {isa = PBXFileReference; explicitFileType = wrapper.cfbundle; includeInIndex = 0; path = YoutubeUITests.xctest; sourceTree = BUILT_PRODUCTS_DIR; };
		69410EB91E8281E100F93260 /* YoutubeUITests.swift */ = {isa = PBXFileReference; lastKnownFileType = sourcecode.swift; path = YoutubeUITests.swift; sourceTree = "<group>"; };
		69410EBB1E8281E100F93260 /* Info.plist */ = {isa = PBXFileReference; lastKnownFileType = text.plist.xml; path = Info.plist; sourceTree = "<group>"; };
		69CBE7B31E84E4B7004CFE47 /* MenuBar.swift */ = {isa = PBXFileReference; fileEncoding = 4; lastKnownFileType = sourcecode.swift; path = MenuBar.swift; sourceTree = "<group>"; };
		69D88A111E83A3CC0004951F /* Extension.swift */ = {isa = PBXFileReference; fileEncoding = 4; lastKnownFileType = sourcecode.swift; path = Extension.swift; sourceTree = "<group>"; };
		69D88A141E83A3F60004951F /* VideoCell.swift */ = {isa = PBXFileReference; fileEncoding = 4; lastKnownFileType = sourcecode.swift; path = VideoCell.swift; sourceTree = "<group>"; };
/* End PBXFileReference section */

/* Begin PBXFrameworksBuildPhase section */
		69410E931E8281E100F93260 /* Frameworks */ = {
			isa = PBXFrameworksBuildPhase;
			buildActionMask = 2147483647;
			files = (
			);
			runOnlyForDeploymentPostprocessing = 0;
		};
		69410EA71E8281E100F93260 /* Frameworks */ = {
			isa = PBXFrameworksBuildPhase;
			buildActionMask = 2147483647;
			files = (
			);
			runOnlyForDeploymentPostprocessing = 0;
		};
		69410EB21E8281E100F93260 /* Frameworks */ = {
			isa = PBXFrameworksBuildPhase;
			buildActionMask = 2147483647;
			files = (
			);
			runOnlyForDeploymentPostprocessing = 0;
		};
/* End PBXFrameworksBuildPhase section */

/* Begin PBXGroup section */
		69410E8D1E8281E100F93260 = {
			isa = PBXGroup;
			children = (
				69410E981E8281E100F93260 /* Youtube */,
				69410EAD1E8281E100F93260 /* YoutubeTests */,
				69410EB81E8281E100F93260 /* YoutubeUITests */,
				69410E971E8281E100F93260 /* Products */,
			);
			sourceTree = "<group>";
		};
		69410E971E8281E100F93260 /* Products */ = {
			isa = PBXGroup;
			children = (
				69410E961E8281E100F93260 /* Youtube.app */,
				69410EAA1E8281E100F93260 /* YoutubeTests.xctest */,
				69410EB51E8281E100F93260 /* YoutubeUITests.xctest */,
			);
			name = Products;
			sourceTree = "<group>";
		};
		69410E981E8281E100F93260 /* Youtube */ = {
			isa = PBXGroup;
			children = (
				69D88A131E83A3E70004951F /* View */,
				69D88A161E83A4250004951F /* Controller */,
				69D88A101E83A3B20004951F /* Helpers */,
				69410E991E8281E100F93260 /* AppDelegate.swift */,
				69410E9D1E8281E100F93260 /* Main.storyboard */,
				69410EA01E8281E100F93260 /* Assets.xcassets */,
				69410EA21E8281E100F93260 /* LaunchScreen.storyboard */,
				69410EA51E8281E100F93260 /* Info.plist */,
			);
			path = Youtube;
			sourceTree = "<group>";
		};
		69410EAD1E8281E100F93260 /* YoutubeTests */ = {
			isa = PBXGroup;
			children = (
				69410EAE1E8281E100F93260 /* YoutubeTests.swift */,
				69410EB01E8281E100F93260 /* Info.plist */,
			);
			path = YoutubeTests;
			sourceTree = "<group>";
		};
		69410EB81E8281E100F93260 /* YoutubeUITests */ = {
			isa = PBXGroup;
			children = (
				69410EB91E8281E100F93260 /* YoutubeUITests.swift */,
				69410EBB1E8281E100F93260 /* Info.plist */,
			);
			path = YoutubeUITests;
			sourceTree = "<group>";
		};
		69D88A101E83A3B20004951F /* Helpers */ = {
			isa = PBXGroup;
			children = (
				69D88A111E83A3CC0004951F /* Extension.swift */,
			);
			name = Helpers;
			sourceTree = "<group>";
		};
		69D88A131E83A3E70004951F /* View */ = {
			isa = PBXGroup;
			children = (
				69D88A141E83A3F60004951F /* VideoCell.swift */,
				69CBE7B31E84E4B7004CFE47 /* MenuBar.swift */,
			);
			name = View;
			sourceTree = "<group>";
		};
		69D88A161E83A4250004951F /* Controller */ = {
			isa = PBXGroup;
			children = (
				69410E9B1E8281E100F93260 /* HomeController.swift */,
			);
			name = Controller;
			sourceTree = "<group>";
		};
/* End PBXGroup section */

/* Begin PBXNativeTarget section */
		69410E951E8281E100F93260 /* Youtube */ = {
			isa = PBXNativeTarget;
			buildConfigurationList = 69410EBE1E8281E100F93260 /* Build configuration list for PBXNativeTarget "Youtube" */;
			buildPhases = (
				69410E921E8281E100F93260 /* Sources */,
				69410E931E8281E100F93260 /* Frameworks */,
				69410E941E8281E100F93260 /* Resources */,
			);
			buildRules = (
			);
			dependencies = (
			);
			name = Youtube;
			productName = Youtube;
			productReference = 69410E961E8281E100F93260 /* Youtube.app */;
			productType = "com.apple.product-type.application";
		};
		69410EA91E8281E100F93260 /* YoutubeTests */ = {
			isa = PBXNativeTarget;
			buildConfigurationList = 69410EC11E8281E100F93260 /* Build configuration list for PBXNativeTarget "YoutubeTests" */;
			buildPhases = (
				69410EA61E8281E100F93260 /* Sources */,
				69410EA71E8281E100F93260 /* Frameworks */,
				69410EA81E8281E100F93260 /* Resources */,
			);
			buildRules = (
			);
			dependencies = (
				69410EAC1E8281E100F93260 /* PBXTargetDependency */,
			);
			name = YoutubeTests;
			productName = YoutubeTests;
			productReference = 69410EAA1E8281E100F93260 /* YoutubeTests.xctest */;
			productType = "com.apple.product-type.bundle.unit-test";
		};
		69410EB41E8281E100F93260 /* YoutubeUITests */ = {
			isa = PBXNativeTarget;
			buildConfigurationList = 69410EC41E8281E100F93260 /* Build configuration list for PBXNativeTarget "YoutubeUITests" */;
			buildPhases = (
				69410EB11E8281E100F93260 /* Sources */,
				69410EB21E8281E100F93260 /* Frameworks */,
				69410EB31E8281E100F93260 /* Resources */,
			);
			buildRules = (
			);
			dependencies = (
				69410EB71E8281E100F93260 /* PBXTargetDependency */,
			);
			name = YoutubeUITests;
			productName = YoutubeUITests;
			productReference = 69410EB51E8281E100F93260 /* YoutubeUITests.xctest */;
			productType = "com.apple.product-type.bundle.ui-testing";
		};
/* End PBXNativeTarget section */

/* Begin PBXProject section */
		69410E8E1E8281E100F93260 /* Project object */ = {
			isa = PBXProject;
			attributes = {
				LastSwiftUpdateCheck = 0820;
				LastUpgradeCheck = 0820;
				ORGANIZATIONNAME = comcast;
				TargetAttributes = {
					69410E951E8281E100F93260 = {
						CreatedOnToolsVersion = 8.2.1;
						ProvisioningStyle = Automatic;
					};
					69410EA91E8281E100F93260 = {
						CreatedOnToolsVersion = 8.2.1;
						ProvisioningStyle = Automatic;
						TestTargetID = 69410E951E8281E100F93260;
					};
					69410EB41E8281E100F93260 = {
						CreatedOnToolsVersion = 8.2.1;
						ProvisioningStyle = Automatic;
						TestTargetID = 69410E951E8281E100F93260;
					};
				};
			};
			buildConfigurationList = 69410E911E8281E100F93260 /* Build configuration list for PBXProject "Youtube" */;
			compatibilityVersion = "Xcode 3.2";
			developmentRegion = English;
			hasScannedForEncodings = 0;
			knownRegions = (
				en,
				Base,
			);
			mainGroup = 69410E8D1E8281E100F93260;
			productRefGroup = 69410E971E8281E100F93260 /* Products */;
			projectDirPath = "";
			projectRoot = "";
			targets = (
				69410E951E8281E100F93260 /* Youtube */,
				69410EA91E8281E100F93260 /* YoutubeTests */,
				69410EB41E8281E100F93260 /* YoutubeUITests */,
			);
		};
/* End PBXProject section */

/* Begin PBXResourcesBuildPhase section */
		69410E941E8281E100F93260 /* Resources */ = {
			isa = PBXResourcesBuildPhase;
			buildActionMask = 2147483647;
			files = (
				69410EA41E8281E100F93260 /* LaunchScreen.storyboard in Resources */,
				69410EA11E8281E100F93260 /* Assets.xcassets in Resources */,
				69410E9F1E8281E100F93260 /* Main.storyboard in Resources */,
			);
			runOnlyForDeploymentPostprocessing = 0;
		};
		69410EA81E8281E100F93260 /* Resources */ = {
			isa = PBXResourcesBuildPhase;
			buildActionMask = 2147483647;
			files = (
			);
			runOnlyForDeploymentPostprocessing = 0;
		};
		69410EB31E8281E100F93260 /* Resources */ = {
			isa = PBXResourcesBuildPhase;
			buildActionMask = 2147483647;
			files = (
			);
			runOnlyForDeploymentPostprocessing = 0;
		};
/* End PBXResourcesBuildPhase section */

/* Begin PBXSourcesBuildPhase section */
		69410E921E8281E100F93260 /* Sources */ = {
			isa = PBXSourcesBuildPhase;
			buildActionMask = 2147483647;
			files = (
				69D88A121E83A3CC0004951F /* Extension.swift in Sources */,
				69D88A151E83A3F60004951F /* VideoCell.swift in Sources */,
				69410E9C1E8281E100F93260 /* HomeController.swift in Sources */,
				69410E9A1E8281E100F93260 /* AppDelegate.swift in Sources */,
				69CBE7B41E84E4B7004CFE47 /* MenuBar.swift in Sources */,
			);
			runOnlyForDeploymentPostprocessing = 0;
		};
		69410EA61E8281E100F93260 /* Sources */ = {
			isa = PBXSourcesBuildPhase;
			buildActionMask = 2147483647;
			files = (
				69410EAF1E8281E100F93260 /* YoutubeTests.swift in Sources */,
			);
			runOnlyForDeploymentPostprocessing = 0;
		};
		69410EB11E8281E100F93260 /* Sources */ = {
			isa = PBXSourcesBuildPhase;
			buildActionMask = 2147483647;
			files = (
				69410EBA1E8281E100F93260 /* YoutubeUITests.swift in Sources */,
			);
			runOnlyForDeploymentPostprocessing = 0;
		};
/* End PBXSourcesBuildPhase section */

/* Begin PBXTargetDependency section */
		69410EAC1E8281E100F93260 /* PBXTargetDependency */ = {
			isa = PBXTargetDependency;
			target = 69410E951E8281E100F93260 /* Youtube */;
			targetProxy = 69410EAB1E8281E100F93260 /* PBXContainerItemProxy */;
		};
		69410EB71E8281E100F93260 /* PBXTargetDependency */ = {
			isa = PBXTargetDependency;
			target = 69410E951E8281E100F93260 /* Youtube */;
			targetProxy = 69410EB61E8281E100F93260 /* PBXContainerItemProxy */;
		};
/* End PBXTargetDependency section */

/* Begin PBXVariantGroup section */
		69410E9D1E8281E100F93260 /* Main.storyboard */ = {
			isa = PBXVariantGroup;
			children = (
				69410E9E1E8281E100F93260 /* Base */,
			);
			name = Main.storyboard;
			sourceTree = "<group>";
		};
		69410EA21E8281E100F93260 /* LaunchScreen.storyboard */ = {
			isa = PBXVariantGroup;
			children = (
				69410EA31E8281E100F93260 /* Base */,
			);
			name = LaunchScreen.storyboard;
			sourceTree = "<group>";
		};
/* End PBXVariantGroup section */

/* Begin XCBuildConfiguration section */
		69410EBC1E8281E100F93260 /* Debug */ = {
			isa = XCBuildConfiguration;
			buildSettings = {
				ALWAYS_SEARCH_USER_PATHS = NO;
				CLANG_ANALYZER_NONNULL = YES;
				CLANG_CXX_LANGUAGE_STANDARD = "gnu++0x";
				CLANG_CXX_LIBRARY = "libc++";
				CLANG_ENABLE_MODULES = YES;
				CLANG_ENABLE_OBJC_ARC = YES;
				CLANG_WARN_BOOL_CONVERSION = YES;
				CLANG_WARN_CONSTANT_CONVERSION = YES;
				CLANG_WARN_DIRECT_OBJC_ISA_USAGE = YES_ERROR;
				CLANG_WARN_DOCUMENTATION_COMMENTS = YES;
				CLANG_WARN_EMPTY_BODY = YES;
				CLANG_WARN_ENUM_CONVERSION = YES;
				CLANG_WARN_INFINITE_RECURSION = YES;
				CLANG_WARN_INT_CONVERSION = YES;
				CLANG_WARN_OBJC_ROOT_CLASS = YES_ERROR;
				CLANG_WARN_SUSPICIOUS_MOVE = YES;
				CLANG_WARN_UNREACHABLE_CODE = YES;
				CLANG_WARN__DUPLICATE_METHOD_MATCH = YES;
				"CODE_SIGN_IDENTITY[sdk=iphoneos*]" = "iPhone Developer";
				COPY_PHASE_STRIP = NO;
				DEBUG_INFORMATION_FORMAT = dwarf;
				ENABLE_STRICT_OBJC_MSGSEND = YES;
				ENABLE_TESTABILITY = YES;
				GCC_C_LANGUAGE_STANDARD = gnu99;
				GCC_DYNAMIC_NO_PIC = NO;
				GCC_NO_COMMON_BLOCKS = YES;
				GCC_OPTIMIZATION_LEVEL = 0;
				GCC_PREPROCESSOR_DEFINITIONS = (
					"DEBUG=1",
					"$(inherited)",
				);
				GCC_WARN_64_TO_32_BIT_CONVERSION = YES;
				GCC_WARN_ABOUT_RETURN_TYPE = YES_ERROR;
				GCC_WARN_UNDECLARED_SELECTOR = YES;
				GCC_WARN_UNINITIALIZED_AUTOS = YES_AGGRESSIVE;
				GCC_WARN_UNUSED_FUNCTION = YES;
				GCC_WARN_UNUSED_VARIABLE = YES;
				IPHONEOS_DEPLOYMENT_TARGET = 10.2;
				MTL_ENABLE_DEBUG_INFO = YES;
				ONLY_ACTIVE_ARCH = YES;
				SDKROOT = iphoneos;
				SWIFT_ACTIVE_COMPILATION_CONDITIONS = DEBUG;
				SWIFT_OPTIMIZATION_LEVEL = "-Onone";
				TARGETED_DEVICE_FAMILY = "1,2";
			};
			name = Debug;
		};
		69410EBD1E8281E100F93260 /* Release */ = {
			isa = XCBuildConfiguration;
			buildSettings = {
				ALWAYS_SEARCH_USER_PATHS = NO;
				CLANG_ANALYZER_NONNULL = YES;
				CLANG_CXX_LANGUAGE_STANDARD = "gnu++0x";
				CLANG_CXX_LIBRARY = "libc++";
				CLANG_ENABLE_MODULES = YES;
				CLANG_ENABLE_OBJC_ARC = YES;
				CLANG_WARN_BOOL_CONVERSION = YES;
				CLANG_WARN_CONSTANT_CONVERSION = YES;
				CLANG_WARN_DIRECT_OBJC_ISA_USAGE = YES_ERROR;
				CLANG_WARN_DOCUMENTATION_COMMENTS = YES;
				CLANG_WARN_EMPTY_BODY = YES;
				CLANG_WARN_ENUM_CONVERSION = YES;
				CLANG_WARN_INFINITE_RECURSION = YES;
				CLANG_WARN_INT_CONVERSION = YES;
				CLANG_WARN_OBJC_ROOT_CLASS = YES_ERROR;
				CLANG_WARN_SUSPICIOUS_MOVE = YES;
				CLANG_WARN_UNREACHABLE_CODE = YES;
				CLANG_WARN__DUPLICATE_METHOD_MATCH = YES;
				"CODE_SIGN_IDENTITY[sdk=iphoneos*]" = "iPhone Developer";
				COPY_PHASE_STRIP = NO;
				DEBUG_INFORMATION_FORMAT = "dwarf-with-dsym";
				ENABLE_NS_ASSERTIONS = NO;
				ENABLE_STRICT_OBJC_MSGSEND = YES;
				GCC_C_LANGUAGE_STANDARD = gnu99;
				GCC_NO_COMMON_BLOCKS = YES;
				GCC_WARN_64_TO_32_BIT_CONVERSION = YES;
				GCC_WARN_ABOUT_RETURN_TYPE = YES_ERROR;
				GCC_WARN_UNDECLARED_SELECTOR = YES;
				GCC_WARN_UNINITIALIZED_AUTOS = YES_AGGRESSIVE;
				GCC_WARN_UNUSED_FUNCTION = YES;
				GCC_WARN_UNUSED_VARIABLE = YES;
				IPHONEOS_DEPLOYMENT_TARGET = 10.2;
				MTL_ENABLE_DEBUG_INFO = NO;
				SDKROOT = iphoneos;
				SWIFT_OPTIMIZATION_LEVEL = "-Owholemodule";
				TARGETED_DEVICE_FAMILY = "1,2";
				VALIDATE_PRODUCT = YES;
			};
			name = Release;
		};
		69410EBF1E8281E100F93260 /* Debug */ = {
			isa = XCBuildConfiguration;
			buildSettings = {
				ASSETCATALOG_COMPILER_APPICON_NAME = AppIcon;
				INFOPLIST_FILE = Youtube/Info.plist;
				LD_RUNPATH_SEARCH_PATHS = "$(inherited) @executable_path/Frameworks";
				PRODUCT_BUNDLE_IDENTIFIER = comcast.Youtube;
				PRODUCT_NAME = "$(TARGET_NAME)";
				SWIFT_VERSION = 3.0;
			};
			name = Debug;
		};
		69410EC01E8281E100F93260 /* Release */ = {
			isa = XCBuildConfiguration;
			buildSettings = {
				ASSETCATALOG_COMPILER_APPICON_NAME = AppIcon;
				INFOPLIST_FILE = Youtube/Info.plist;
				LD_RUNPATH_SEARCH_PATHS = "$(inherited) @executable_path/Frameworks";
				PRODUCT_BUNDLE_IDENTIFIER = comcast.Youtube;
				PRODUCT_NAME = "$(TARGET_NAME)";
				SWIFT_VERSION = 3.0;
			};
			name = Release;
		};
		69410EC21E8281E100F93260 /* Debug */ = {
			isa = XCBuildConfiguration;
			buildSettings = {
				ALWAYS_EMBED_SWIFT_STANDARD_LIBRARIES = YES;
				BUNDLE_LOADER = "$(TEST_HOST)";
				INFOPLIST_FILE = YoutubeTests/Info.plist;
				LD_RUNPATH_SEARCH_PATHS = "$(inherited) @executable_path/Frameworks @loader_path/Frameworks";
				PRODUCT_BUNDLE_IDENTIFIER = comcast.YoutubeTests;
				PRODUCT_NAME = "$(TARGET_NAME)";
				SWIFT_VERSION = 3.0;
				TEST_HOST = "$(BUILT_PRODUCTS_DIR)/Youtube.app/Youtube";
			};
			name = Debug;
		};
		69410EC31E8281E100F93260 /* Release */ = {
			isa = XCBuildConfiguration;
			buildSettings = {
				ALWAYS_EMBED_SWIFT_STANDARD_LIBRARIES = YES;
				BUNDLE_LOADER = "$(TEST_HOST)";
				INFOPLIST_FILE = YoutubeTests/Info.plist;
				LD_RUNPATH_SEARCH_PATHS = "$(inherited) @executable_path/Frameworks @loader_path/Frameworks";
				PRODUCT_BUNDLE_IDENTIFIER = comcast.YoutubeTests;
				PRODUCT_NAME = "$(TARGET_NAME)";
				SWIFT_VERSION = 3.0;
				TEST_HOST = "$(BUILT_PRODUCTS_DIR)/Youtube.app/Youtube";
			};
			name = Release;
		};
		69410EC51E8281E100F93260 /* Debug */ = {
			isa = XCBuildConfiguration;
			buildSettings = {
				ALWAYS_EMBED_SWIFT_STANDARD_LIBRARIES = YES;
				INFOPLIST_FILE = YoutubeUITests/Info.plist;
				LD_RUNPATH_SEARCH_PATHS = "$(inherited) @executable_path/Frameworks @loader_path/Frameworks";
				PRODUCT_BUNDLE_IDENTIFIER = comcast.YoutubeUITests;
				PRODUCT_NAME = "$(TARGET_NAME)";
				SWIFT_VERSION = 3.0;
				TEST_TARGET_NAME = Youtube;
			};
			name = Debug;
		};
		69410EC61E8281E100F93260 /* Release */ = {
			isa = XCBuildConfiguration;
			buildSettings = {
				ALWAYS_EMBED_SWIFT_STANDARD_LIBRARIES = YES;
				INFOPLIST_FILE = YoutubeUITests/Info.plist;
				LD_RUNPATH_SEARCH_PATHS = "$(inherited) @executable_path/Frameworks @loader_path/Frameworks";
				PRODUCT_BUNDLE_IDENTIFIER = comcast.YoutubeUITests;
				PRODUCT_NAME = "$(TARGET_NAME)";
				SWIFT_VERSION = 3.0;
				TEST_TARGET_NAME = Youtube;
			};
			name = Release;
		};
/* End XCBuildConfiguration section */

/* Begin XCConfigurationList section */
		69410E911E8281E100F93260 /* Build configuration list for PBXProject "Youtube" */ = {
			isa = XCConfigurationList;
			buildConfigurations = (
				69410EBC1E8281E100F93260 /* Debug */,
				69410EBD1E8281E100F93260 /* Release */,
			);
			defaultConfigurationIsVisible = 0;
			defaultConfigurationName = Release;
		};
		69410EBE1E8281E100F93260 /* Build configuration list for PBXNativeTarget "Youtube" */ = {
			isa = XCConfigurationList;
			buildConfigurations = (
				69410EBF1E8281E100F93260 /* Debug */,
				69410EC01E8281E100F93260 /* Release */,
			);
			defaultConfigurationIsVisible = 0;
			defaultConfigurationName = Release;
		};
		69410EC11E8281E100F93260 /* Build configuration list for PBXNativeTarget "YoutubeTests" */ = {
			isa = XCConfigurationList;
			buildConfigurations = (
				69410EC21E8281E100F93260 /* Debug */,
				69410EC31E8281E100F93260 /* Release */,
			);
			defaultConfigurationIsVisible = 0;
			defaultConfigurationName = Release;
		};
		69410EC41E8281E100F93260 /* Build configuration list for PBXNativeTarget "YoutubeUITests" */ = {
			isa = XCConfigurationList;
			buildConfigurations = (
				69410EC51E8281E100F93260 /* Debug */,
				69410EC61E8281E100F93260 /* Release */,
			);
			defaultConfigurationIsVisible = 0;
			defaultConfigurationName = Release;
		};
/* End XCConfigurationList section */
	};
	rootObject = 69410E8E1E8281E100F93260 /* Project object */;
}
